// !$*UTF8*$!
{
	archiveVersion = 1;
	classes = {
	};
	objectVersion = 56;
	objects = {

/* Begin PBXBuildFile section */
		EB1639872C5FBBE50011F135 /* AppDelegate.swift in Sources */ = {isa = PBXBuildFile; fileRef = EB1639862C5FBBE50011F135 /* AppDelegate.swift */; };
		EB1639892C5FBBE50011F135 /* SceneDelegate.swift in Sources */ = {isa = PBXBuildFile; fileRef = EB1639882C5FBBE50011F135 /* SceneDelegate.swift */; };
		EB16398B2C5FBBE50011F135 /* ViewController.swift in Sources */ = {isa = PBXBuildFile; fileRef = EB16398A2C5FBBE50011F135 /* ViewController.swift */; };
		EB16398E2C5FBBE50011F135 /* Main.storyboard in Resources */ = {isa = PBXBuildFile; fileRef = EB16398C2C5FBBE50011F135 /* Main.storyboard */; };
		EB1639902C5FBBE90011F135 /* Assets.xcassets in Resources */ = {isa = PBXBuildFile; fileRef = EB16398F2C5FBBE90011F135 /* Assets.xcassets */; };
		EB1639932C5FBBE90011F135 /* LaunchScreen.storyboard in Resources */ = {isa = PBXBuildFile; fileRef = EB1639912C5FBBE90011F135 /* LaunchScreen.storyboard */; };
		EB89E8292C6BEAAC002FE1A1 /* BreweryModel.xcdatamodeld in Sources */ = {isa = PBXBuildFile; fileRef = EB89E8272C6BEAAC002FE1A1 /* BreweryModel.xcdatamodeld */; };
		EB89E82F2C6BF241002FE1A1 /* Brewery.swift in Sources */ = {isa = PBXBuildFile; fileRef = EB89E82E2C6BF241002FE1A1 /* Brewery.swift */; };
		EB89E8462C6BF775002FE1A1 /* BreweryEntity+CoreDataClass.swift in Sources */ = {isa = PBXBuildFile; fileRef = EB89E8442C6BF775002FE1A1 /* BreweryEntity+CoreDataClass.swift */; };
		EB89E8472C6BF775002FE1A1 /* BreweryEntity+CoreDataProperties.swift in Sources */ = {isa = PBXBuildFile; fileRef = EB89E8452C6BF775002FE1A1 /* BreweryEntity+CoreDataProperties.swift */; };
		EBC259DB2C66C8B500D3C8A7 /* BreweryCell.swift in Sources */ = {isa = PBXBuildFile; fileRef = EBC259DA2C66C8B500D3C8A7 /* BreweryCell.swift */; };
/* End PBXBuildFile section */

/* Begin PBXFileReference section */
		EB1639832C5FBBE50011F135 /* BeerTest.app */ = {isa = PBXFileReference; explicitFileType = wrapper.application; includeInIndex = 0; path = BeerTest.app; sourceTree = BUILT_PRODUCTS_DIR; };
		EB1639862C5FBBE50011F135 /* AppDelegate.swift */ = {isa = PBXFileReference; lastKnownFileType = sourcecode.swift; path = AppDelegate.swift; sourceTree = "<group>"; };
		EB1639882C5FBBE50011F135 /* SceneDelegate.swift */ = {isa = PBXFileReference; lastKnownFileType = sourcecode.swift; path = SceneDelegate.swift; sourceTree = "<group>"; };
		EB16398A2C5FBBE50011F135 /* ViewController.swift */ = {isa = PBXFileReference; lastKnownFileType = sourcecode.swift; path = ViewController.swift; sourceTree = "<group>"; };
		EB16398D2C5FBBE50011F135 /* Base */ = {isa = PBXFileReference; lastKnownFileType = file.storyboard; name = Base; path = Base.lproj/Main.storyboard; sourceTree = "<group>"; };
		EB16398F2C5FBBE90011F135 /* Assets.xcassets */ = {isa = PBXFileReference; lastKnownFileType = folder.assetcatalog; path = Assets.xcassets; sourceTree = "<group>"; };
		EB1639922C5FBBE90011F135 /* Base */ = {isa = PBXFileReference; lastKnownFileType = file.storyboard; name = Base; path = Base.lproj/LaunchScreen.storyboard; sourceTree = "<group>"; };
		EB1639942C5FBBE90011F135 /* Info.plist */ = {isa = PBXFileReference; lastKnownFileType = text.plist.xml; path = Info.plist; sourceTree = "<group>"; };
		EB89E8282C6BEAAC002FE1A1 /* BreweryModel.xcdatamodel */ = {isa = PBXFileReference; lastKnownFileType = wrapper.xcdatamodel; path = BreweryModel.xcdatamodel; sourceTree = "<group>"; };
		EB89E82E2C6BF241002FE1A1 /* Brewery.swift */ = {isa = PBXFileReference; lastKnownFileType = sourcecode.swift; path = Brewery.swift; sourceTree = "<group>"; };
		EB89E8442C6BF775002FE1A1 /* BreweryEntity+CoreDataClass.swift */ = {isa = PBXFileReference; lastKnownFileType = sourcecode.swift; path = "BreweryEntity+CoreDataClass.swift"; sourceTree = "<group>"; };
		EB89E8452C6BF775002FE1A1 /* BreweryEntity+CoreDataProperties.swift */ = {isa = PBXFileReference; lastKnownFileType = sourcecode.swift; path = "BreweryEntity+CoreDataProperties.swift"; sourceTree = "<group>"; };
		EBC259DA2C66C8B500D3C8A7 /* BreweryCell.swift */ = {isa = PBXFileReference; lastKnownFileType = sourcecode.swift; path = BreweryCell.swift; sourceTree = "<group>"; };
/* End PBXFileReference section */

/* Begin PBXFrameworksBuildPhase section */
		EB1639802C5FBBE50011F135 /* Frameworks */ = {
			isa = PBXFrameworksBuildPhase;
			buildActionMask = 2147483647;
			files = (
			);
			runOnlyForDeploymentPostprocessing = 0;
		};
/* End PBXFrameworksBuildPhase section */

/* Begin PBXGroup section */
		EB16397A2C5FBBE50011F135 = {
			isa = PBXGroup;
			children = (
				EB89E8442C6BF775002FE1A1 /* BreweryEntity+CoreDataClass.swift */,
				EB89E8452C6BF775002FE1A1 /* BreweryEntity+CoreDataProperties.swift */,
				EB1639852C5FBBE50011F135 /* BeerTest */,
				EB1639842C5FBBE50011F135 /* Products */,
			);
			sourceTree = "<group>";
		};
		EB1639842C5FBBE50011F135 /* Products */ = {
			isa = PBXGroup;
			children = (
				EB1639832C5FBBE50011F135 /* BeerTest.app */,
			);
			name = Products;
			sourceTree = "<group>";
		};
		EB1639852C5FBBE50011F135 /* BeerTest */ = {
			isa = PBXGroup;
			children = (
				EB89E82E2C6BF241002FE1A1 /* Brewery.swift */,
				EB1639862C5FBBE50011F135 /* AppDelegate.swift */,
				EB89E8272C6BEAAC002FE1A1 /* BreweryModel.xcdatamodeld */,
				EB1639882C5FBBE50011F135 /* SceneDelegate.swift */,
				EB16398A2C5FBBE50011F135 /* ViewController.swift */,
				EB16398C2C5FBBE50011F135 /* Main.storyboard */,
				EBC259DA2C66C8B500D3C8A7 /* BreweryCell.swift */,
				EB16398F2C5FBBE90011F135 /* Assets.xcassets */,
				EB1639912C5FBBE90011F135 /* LaunchScreen.storyboard */,
				EB1639942C5FBBE90011F135 /* Info.plist */,
			);
			path = BeerTest;
			sourceTree = "<group>";
		};
/* End PBXGroup section */

/* Begin PBXNativeTarget section */
		EB1639822C5FBBE50011F135 /* BeerTest */ = {
			isa = PBXNativeTarget;
			buildConfigurationList = EB1639972C5FBBE90011F135 /* Build configuration list for PBXNativeTarget "BeerTest" */;
			buildPhases = (
				EB16397F2C5FBBE50011F135 /* Sources */,
				EB1639802C5FBBE50011F135 /* Frameworks */,
				EB1639812C5FBBE50011F135 /* Resources */,
			);
			buildRules = (
			);
			dependencies = (
			);
			name = BeerTest;
			productName = BeerTest;
			productReference = EB1639832C5FBBE50011F135 /* BeerTest.app */;
			productType = "com.apple.product-type.application";
		};
/* End PBXNativeTarget section */

/* Begin PBXProject section */
		EB16397B2C5FBBE50011F135 /* Project object */ = {
			isa = PBXProject;
			attributes = {
				BuildIndependentTargetsInParallel = 1;
				LastSwiftUpdateCheck = 1400;
				LastUpgradeCheck = 1400;
				TargetAttributes = {
					EB1639822C5FBBE50011F135 = {
						CreatedOnToolsVersion = 14.0.1;
					};
				};
			};
			buildConfigurationList = EB16397E2C5FBBE50011F135 /* Build configuration list for PBXProject "BeerTest" */;
			compatibilityVersion = "Xcode 14.0";
			developmentRegion = en;
			hasScannedForEncodings = 0;
			knownRegions = (
				en,
				Base,
			);
			mainGroup = EB16397A2C5FBBE50011F135;
			productRefGroup = EB1639842C5FBBE50011F135 /* Products */;
			projectDirPath = "";
			projectRoot = "";
			targets = (
				EB1639822C5FBBE50011F135 /* BeerTest */,
			);
		};
/* End PBXProject section */

/* Begin PBXResourcesBuildPhase section */
		EB1639812C5FBBE50011F135 /* Resources */ = {
			isa = PBXResourcesBuildPhase;
			buildActionMask = 2147483647;
			files = (
				EB1639932C5FBBE90011F135 /* LaunchScreen.storyboard in Resources */,
				EB1639902C5FBBE90011F135 /* Assets.xcassets in Resources */,
				EB16398E2C5FBBE50011F135 /* Main.storyboard in Resources */,
			);
			runOnlyForDeploymentPostprocessing = 0;
		};
/* End PBXResourcesBuildPhase section */

/* Begin PBXSourcesBuildPhase section */
		EB16397F2C5FBBE50011F135 /* Sources */ = {
			isa = PBXSourcesBuildPhase;
			buildActionMask = 2147483647;
			files = (
				EB89E82F2C6BF241002FE1A1 /* Brewery.swift in Sources */,
				EB89E8472C6BF775002FE1A1 /* BreweryEntity+CoreDataProperties.swift in Sources */,
				EBC259DB2C66C8B500D3C8A7 /* BreweryCell.swift in Sources */,
				EB89E8292C6BEAAC002FE1A1 /* BreweryModel.xcdatamodeld in Sources */,
				EB16398B2C5FBBE50011F135 /* ViewController.swift in Sources */,
				EB1639872C5FBBE50011F135 /* AppDelegate.swift in Sources */,
				EB89E8462C6BF775002FE1A1 /* BreweryEntity+CoreDataClass.swift in Sources */,
				EB1639892C5FBBE50011F135 /* SceneDelegate.swift in Sources */,
			);
			runOnlyForDeploymentPostprocessing = 0;
		};
/* End PBXSourcesBuildPhase section */

/* Begin PBXVariantGroup section */
		EB16398C2C5FBBE50011F135 /* Main.storyboard */ = {
			isa = PBXVariantGroup;
			children = (
				EB16398D2C5FBBE50011F135 /* Base */,
			);
			name = Main.storyboard;
			sourceTree = "<group>";
		};
		EB1639912C5FBBE90011F135 /* LaunchScreen.storyboard */ = {
			isa = PBXVariantGroup;
			children = (
				EB1639922C5FBBE90011F135 /* Base */,
			);
			name = LaunchScreen.storyboard;
			sourceTree = "<group>";
		};
/* End PBXVariantGroup section */

/* Begin XCBuildConfiguration section */
		EB1639952C5FBBE90011F135 /* Debug */ = {
			isa = XCBuildConfiguration;
			buildSettings = {
				ALWAYS_SEARCH_USER_PATHS = NO;
				CLANG_ANALYZER_NONNULL = YES;
				CLANG_ANALYZER_NUMBER_OBJECT_CONVERSION = YES_AGGRESSIVE;
				CLANG_CXX_LANGUAGE_STANDARD = "gnu++20";
				CLANG_ENABLE_MODULES = YES;
				CLANG_ENABLE_OBJC_ARC = YES;
				CLANG_ENABLE_OBJC_WEAK = YES;
				CLANG_WARN_BLOCK_CAPTURE_AUTORELEASING = YES;
				CLANG_WARN_BOOL_CONVERSION = YES;
				CLANG_WARN_COMMA = YES;
				CLANG_WARN_CONSTANT_CONVERSION = YES;
				CLANG_WARN_DEPRECATED_OBJC_IMPLEMENTATIONS = YES;
				CLANG_WARN_DIRECT_OBJC_ISA_USAGE = YES_ERROR;
				CLANG_WARN_DOCUMENTATION_COMMENTS = YES;
				CLANG_WARN_EMPTY_BODY = YES;
				CLANG_WARN_ENUM_CONVERSION = YES;
				CLANG_WARN_INFINITE_RECURSION = YES;
				CLANG_WARN_INT_CONVERSION = YES;
				CLANG_WARN_NON_LITERAL_NULL_CONVERSION = YES;
				CLANG_WARN_OBJC_IMPLICIT_RETAIN_SELF = YES;
				CLANG_WARN_OBJC_LITERAL_CONVERSION = YES;
				CLANG_WARN_OBJC_ROOT_CLASS = YES_ERROR;
				CLANG_WARN_QUOTED_INCLUDE_IN_FRAMEWORK_HEADER = YES;
				CLANG_WARN_RANGE_LOOP_ANALYSIS = YES;
				CLANG_WARN_STRICT_PROTOTYPES = YES;
				CLANG_WARN_SUSPICIOUS_MOVE = YES;
				CLANG_WARN_UNGUARDED_AVAILABILITY = YES_AGGRESSIVE;
				CLANG_WARN_UNREACHABLE_CODE = YES;
				CLANG_WARN__DUPLICATE_METHOD_MATCH = YES;
				COPY_PHASE_STRIP = NO;
				DEBUG_INFORMATION_FORMAT = dwarf;
				ENABLE_STRICT_OBJC_MSGSEND = YES;
				ENABLE_TESTABILITY = YES;
				GCC_C_LANGUAGE_STANDARD = gnu11;
				GCC_DYNAMIC_NO_PIC = NO;
				GCC_NO_COMMON_BLOCKS = YES;
				GCC_OPTIMIZATION_LEVEL = 0;
				GCC_PREPROCESSOR_DEFINITIONS = (
					"DEBUG=1",
					"$(inherited)",
				);
				GCC_WARN_64_TO_32_BIT_CONVERSION = YES;
				GCC_WARN_ABOUT_RETURN_TYPE = YES_ERROR;
				GCC_WARN_UNDECLARED_SELECTOR = YES;
				GCC_WARN_UNINITIALIZED_AUTOS = YES_AGGRESSIVE;
				GCC_WARN_UNUSED_FUNCTION = YES;
				GCC_WARN_UNUSED_VARIABLE = YES;
				IPHONEOS_DEPLOYMENT_TARGET = 16.0;
				MTL_ENABLE_DEBUG_INFO = INCLUDE_SOURCE;
				MTL_FAST_MATH = YES;
				ONLY_ACTIVE_ARCH = YES;
				SDKROOT = iphoneos;
				SWIFT_ACTIVE_COMPILATION_CONDITIONS = DEBUG;
				SWIFT_OPTIMIZATION_LEVEL = "-Onone";
			};
			name = Debug;
		};
		EB1639962C5FBBE90011F135 /* Release */ = {
			isa = XCBuildConfiguration;
			buildSettings = {
				ALWAYS_SEARCH_USER_PATHS = NO;
				CLANG_ANALYZER_NONNULL = YES;
				CLANG_ANALYZER_NUMBER_OBJECT_CONVERSION = YES_AGGRESSIVE;
				CLANG_CXX_LANGUAGE_STANDARD = "gnu++20";
				CLANG_ENABLE_MODULES = YES;
				CLANG_ENABLE_OBJC_ARC = YES;
				CLANG_ENABLE_OBJC_WEAK = YES;
				CLANG_WARN_BLOCK_CAPTURE_AUTORELEASING = YES;
				CLANG_WARN_BOOL_CONVERSION = YES;
				CLANG_WARN_COMMA = YES;
				CLANG_WARN_CONSTANT_CONVERSION = YES;
				CLANG_WARN_DEPRECATED_OBJC_IMPLEMENTATIONS = YES;
				CLANG_WARN_DIRECT_OBJC_ISA_USAGE = YES_ERROR;
				CLANG_WARN_DOCUMENTATION_COMMENTS = YES;
				CLANG_WARN_EMPTY_BODY = YES;
				CLANG_WARN_ENUM_CONVERSION = YES;
				CLANG_WARN_INFINITE_RECURSION = YES;
				CLANG_WARN_INT_CONVERSION = YES;
				CLANG_WARN_NON_LITERAL_NULL_CONVERSION = YES;
				CLANG_WARN_OBJC_IMPLICIT_RETAIN_SELF = YES;
				CLANG_WARN_OBJC_LITERAL_CONVERSION = YES;
				CLANG_WARN_OBJC_ROOT_CLASS = YES_ERROR;
				CLANG_WARN_QUOTED_INCLUDE_IN_FRAMEWORK_HEADER = YES;
				CLANG_WARN_RANGE_LOOP_ANALYSIS = YES;
				CLANG_WARN_STRICT_PROTOTYPES = YES;
				CLANG_WARN_SUSPICIOUS_MOVE = YES;
				CLANG_WARN_UNGUARDED_AVAILABILITY = YES_AGGRESSIVE;
				CLANG_WARN_UNREACHABLE_CODE = YES;
				CLANG_WARN__DUPLICATE_METHOD_MATCH = YES;
				COPY_PHASE_STRIP = NO;
				DEBUG_INFORMATION_FORMAT = "dwarf-with-dsym";
				ENABLE_NS_ASSERTIONS = NO;
				ENABLE_STRICT_OBJC_MSGSEND = YES;
				GCC_C_LANGUAGE_STANDARD = gnu11;
				GCC_NO_COMMON_BLOCKS = YES;
				GCC_WARN_64_TO_32_BIT_CONVERSION = YES;
				GCC_WARN_ABOUT_RETURN_TYPE = YES_ERROR;
				GCC_WARN_UNDECLARED_SELECTOR = YES;
				GCC_WARN_UNINITIALIZED_AUTOS = YES_AGGRESSIVE;
				GCC_WARN_UNUSED_FUNCTION = YES;
				GCC_WARN_UNUSED_VARIABLE = YES;
				IPHONEOS_DEPLOYMENT_TARGET = 16.0;
				MTL_ENABLE_DEBUG_INFO = NO;
				MTL_FAST_MATH = YES;
				SDKROOT = iphoneos;
				SWIFT_COMPILATION_MODE = wholemodule;
				SWIFT_OPTIMIZATION_LEVEL = "-O";
				VALIDATE_PRODUCT = YES;
			};
			name = Release;
		};
		EB1639982C5FBBE90011F135 /* Debug */ = {
			isa = XCBuildConfiguration;
			buildSettings = {
				ASSETCATALOG_COMPILER_APPICON_NAME = AppIcon;
				ASSETCATALOG_COMPILER_GLOBAL_ACCENT_COLOR_NAME = AccentColor;
				CODE_SIGN_STYLE = Automatic;
				CURRENT_PROJECT_VERSION = 1;
				DEVELOPMENT_TEAM = WXV7LT52MV;
				GENERATE_INFOPLIST_FILE = YES;
				INFOPLIST_FILE = BeerTest/Info.plist;
				INFOPLIST_KEY_UIApplicationSupportsIndirectInputEvents = YES;
				INFOPLIST_KEY_UILaunchStoryboardName = LaunchScreen;
				INFOPLIST_KEY_UIMainStoryboardFile = Main;
				INFOPLIST_KEY_UISupportedInterfaceOrientations_iPad = "UIInterfaceOrientationPortrait UIInterfaceOrientationPortraitUpsideDown UIInterfaceOrientationLandscapeLeft UIInterfaceOrientationLandscapeRight";
				INFOPLIST_KEY_UISupportedInterfaceOrientations_iPhone = "UIInterfaceOrientationPortrait UIInterfaceOrientationLandscapeLeft UIInterfaceOrientationLandscapeRight";
				LD_RUNPATH_SEARCH_PATHS = (
					"$(inherited)",
					"@executable_path/Frameworks",
				);
				MARKETING_VERSION = 1.0;
				PRODUCT_BUNDLE_IDENTIFIER = SemenKabanov.BeerTest;
				PRODUCT_NAME = "$(TARGET_NAME)";
				SWIFT_EMIT_LOC_STRINGS = YES;
				SWIFT_VERSION = 5.0;
				TARGETED_DEVICE_FAMILY = "1,2";
			};
			name = Debug;
		};
		EB1639992C5FBBE90011F135 /* Release */ = {
			isa = XCBuildConfiguration;
			buildSettings = {
				ASSETCATALOG_COMPILER_APPICON_NAME = AppIcon;
				ASSETCATALOG_COMPILER_GLOBAL_ACCENT_COLOR_NAME = AccentColor;
				CODE_SIGN_STYLE = Automatic;
				CURRENT_PROJECT_VERSION = 1;
				DEVELOPMENT_TEAM = WXV7LT52MV;
				GENERATE_INFOPLIST_FILE = YES;
				INFOPLIST_FILE = BeerTest/Info.plist;
				INFOPLIST_KEY_UIApplicationSupportsIndirectInputEvents = YES;
				INFOPLIST_KEY_UILaunchStoryboardName = LaunchScreen;
				INFOPLIST_KEY_UIMainStoryboardFile = Main;
				INFOPLIST_KEY_UISupportedInterfaceOrientations_iPad = "UIInterfaceOrientationPortrait UIInterfaceOrientationPortraitUpsideDown UIInterfaceOrientationLandscapeLeft UIInterfaceOrientationLandscapeRight";
				INFOPLIST_KEY_UISupportedInterfaceOrientations_iPhone = "UIInterfaceOrientationPortrait UIInterfaceOrientationLandscapeLeft UIInterfaceOrientationLandscapeRight";
				LD_RUNPATH_SEARCH_PATHS = (
					"$(inherited)",
					"@executable_path/Frameworks",
				);
				MARKETING_VERSION = 1.0;
				PRODUCT_BUNDLE_IDENTIFIER = SemenKabanov.BeerTest;
				PRODUCT_NAME = "$(TARGET_NAME)";
				SWIFT_EMIT_LOC_STRINGS = YES;
				SWIFT_VERSION = 5.0;
				TARGETED_DEVICE_FAMILY = "1,2";
			};
			name = Release;
		};
/* End XCBuildConfiguration section */

/* Begin XCConfigurationList section */
		EB16397E2C5FBBE50011F135 /* Build configuration list for PBXProject "BeerTest" */ = {
			isa = XCConfigurationList;
			buildConfigurations = (
				EB1639952C5FBBE90011F135 /* Debug */,
				EB1639962C5FBBE90011F135 /* Release */,
			);
			defaultConfigurationIsVisible = 0;
			defaultConfigurationName = Release;
		};
		EB1639972C5FBBE90011F135 /* Build configuration list for PBXNativeTarget "BeerTest" */ = {
			isa = XCConfigurationList;
			buildConfigurations = (
				EB1639982C5FBBE90011F135 /* Debug */,
				EB1639992C5FBBE90011F135 /* Release */,
			);
			defaultConfigurationIsVisible = 0;
			defaultConfigurationName = Release;
		};
/* End XCConfigurationList section */

/* Begin XCVersionGroup section */
		EB89E8272C6BEAAC002FE1A1 /* BreweryModel.xcdatamodeld */ = {
			isa = XCVersionGroup;
			children = (
				EB89E8282C6BEAAC002FE1A1 /* BreweryModel.xcdatamodel */,
			);
			currentVersion = EB89E8282C6BEAAC002FE1A1 /* BreweryModel.xcdatamodel */;
			path = BreweryModel.xcdatamodeld;
			sourceTree = "<group>";
			versionGroupType = wrapper.xcdatamodel;
		};
/* End XCVersionGroup section */
	};
	rootObject = EB16397B2C5FBBE50011F135 /* Project object */;
}
